
Microsoft Visual Studio Solution File, Format Version 12.00
# Visual Studio Version 17
VisualStudioVersion = 17.7.34024.191
MinimumVisualStudioVersion = 10.0.40219.1
Project("{FAE04EC0-301F-11D3-BF4B-00C04F79EFBC}") = "Observer_Forms", "Observer_Forms\Observer_Forms.csproj", "{037F35DE-3009-46C2-8782-EC7BE52BA85E}"
EndProject
Global
	GlobalSection(SolutionConfigurationPlatforms) = preSolution
		Debug|Any CPU = Debug|Any CPU
		Release|Any CPU = Release|Any CPU
	EndGlobalSection
	GlobalSection(ProjectConfigurationPlatforms) = postSolution
		{037F35DE-3009-46C2-8782-EC7BE52BA85E}.Debug|Any CPU.ActiveCfg = Debug|Any CPU
		{037F35DE-3009-46C2-8782-EC7BE52BA85E}.Debug|Any CPU.Build.0 = Debug|Any CPU
		{037F35DE-3009-46C2-8782-EC7BE52BA85E}.Release|Any CPU.ActiveCfg = Release|Any CPU
		{037F35DE-3009-46C2-8782-EC7BE52BA85E}.Release|Any CPU.Build.0 = Release|Any CPU
	EndGlobalSection
	GlobalSection(SolutionProperties) = preSolution
		HideSolutionNode = FALSE
	EndGlobalSection
	GlobalSection(ExtensibilityGlobals) = postSolution
		SolutionGuid = {5A66BF85-CDA2-4FC2-98EB-0CA67BE47799}
	EndGlobalSection
EndGlobal
